// !$*UTF8*$!
{
	archiveVersion = 1;
	classes = {
	};
	objectVersion = 46;
	objects = {

/* Begin PBXBuildFile section */
		1508FEED1CCD4237000CE953 /* LogFormatter.swift in Sources */ = {isa = PBXBuildFile; fileRef = 1508FEEC1CCD4237000CE953 /* LogFormatter.swift */; };
		15139CCC1DF2DCF900F6AFD5 /* ModelConfig.plist in Resources */ = {isa = PBXBuildFile; fileRef = 15139CCB1DF2DCF900F6AFD5 /* ModelConfig.plist */; };
		15139CCE1DF2DD8D00F6AFD5 /* ModelConfig.swift in Sources */ = {isa = PBXBuildFile; fileRef = 15139CCD1DF2DD8D00F6AFD5 /* ModelConfig.swift */; };
		15139CD01DF2E8F900F6AFD5 /* ModelConfigTests.swift in Sources */ = {isa = PBXBuildFile; fileRef = 15139CCF1DF2E8F900F6AFD5 /* ModelConfigTests.swift */; };
		1521D6931CD4CF29007458D7 /* FlightController.swift in Sources */ = {isa = PBXBuildFile; fileRef = 1521D6921CD4CF29007458D7 /* FlightController.swift */; };
		1527B5F31CCE891D00D8AE5D /* ControllerUtilsTests.swift in Sources */ = {isa = PBXBuildFile; fileRef = 1527B5F21CCE891D00D8AE5D /* ControllerUtilsTests.swift */; };
		1545C4411DD04CA000BF235D /* PanoramaTests.swift in Sources */ = {isa = PBXBuildFile; fileRef = 1545C4401DD04CA000BF235D /* PanoramaTests.swift */; };
		154669BB1CCCAD8800B9B6BC /* CocoaLumberjackSwift.framework in Frameworks */ = {isa = PBXBuildFile; fileRef = 154669BA1CCCAD8800B9B6BC /* CocoaLumberjackSwift.framework */; };
		154669BE1CCCAE3A00B9B6BC /* AppDelegate.swift in Sources */ = {isa = PBXBuildFile; fileRef = 154669BD1CCCAE3A00B9B6BC /* AppDelegate.swift */; };
		154669C01CCCB07200B9B6BC /* CocoaLumberjack.framework in Frameworks */ = {isa = PBXBuildFile; fileRef = 154669BF1CCCB07200B9B6BC /* CocoaLumberjack.framework */; };
		156712851DDA13ED001737B1 /* CocoaAsyncSocket.framework in Frameworks */ = {isa = PBXBuildFile; fileRef = 156712831DDA13ED001737B1 /* CocoaAsyncSocket.framework */; };
		156712861DDA13ED001737B1 /* PaperTrailLumberjack.framework in Frameworks */ = {isa = PBXBuildFile; fileRef = 156712841DDA13ED001737B1 /* PaperTrailLumberjack.framework */; };
		1568E9C31CDDE3F3009929FC /* UIViewControllerExtensions.swift in Sources */ = {isa = PBXBuildFile; fileRef = 1568E9C21CDDE3F3009929FC /* UIViewControllerExtensions.swift */; };
		156BCBB91DA8EECF008A5601 /* CameraSettingsViewController.swift in Sources */ = {isa = PBXBuildFile; fileRef = 156BCBB81DA8EECF008A5601 /* CameraSettingsViewController.swift */; };
		156F5FDE1CDE4DEF00BAE596 /* RemoteControllerTests.swift in Sources */ = {isa = PBXBuildFile; fileRef = 156F5FDD1CDE4DEF00BAE596 /* RemoteControllerTests.swift */; };
		156F5FE01CDE510B00BAE596 /* BatteryControllerTests.swift in Sources */ = {isa = PBXBuildFile; fileRef = 156F5FDF1CDE510B00BAE596 /* BatteryControllerTests.swift */; };
		1574A1C21CEAF058008CFEE7 /* VideoPreviewerWrapper.swift in Sources */ = {isa = PBXBuildFile; fileRef = 1574A1C11CEAF058008CFEE7 /* VideoPreviewerWrapper.swift */; };
		157A71671CD53DB40074EAF8 /* ConnectionControllerTests.swift in Sources */ = {isa = PBXBuildFile; fileRef = 157A71661CD53DB40074EAF8 /* ConnectionControllerTests.swift */; };
		15839E941CCE9A40008B7E97 /* BatteryController.swift in Sources */ = {isa = PBXBuildFile; fileRef = 15839E931CCE9A40008B7E97 /* BatteryController.swift */; };
		15839FC21CCEAB3E008B7E97 /* RemoteController.swift in Sources */ = {isa = PBXBuildFile; fileRef = 15839FC11CCEAB3E008B7E97 /* RemoteController.swift */; };
		15839FC41CD3EC56008B7E97 /* PreviewController.swift in Sources */ = {isa = PBXBuildFile; fileRef = 15839FC31CD3EC56008B7E97 /* PreviewController.swift */; };
		15839FC71CD487BB008B7E97 /* ConnectionController.swift in Sources */ = {isa = PBXBuildFile; fileRef = 15839FC61CD487BB008B7E97 /* ConnectionController.swift */; };
		15839FC91CD4BC40008B7E97 /* PanoramaController.swift in Sources */ = {isa = PBXBuildFile; fileRef = 15839FC81CD4BC40008B7E97 /* PanoramaController.swift */; };
		15839FCB1CD4BE29008B7E97 /* PanoramaControllerTests.swift in Sources */ = {isa = PBXBuildFile; fileRef = 15839FCA1CD4BE29008B7E97 /* PanoramaControllerTests.swift */; };
		1583BF551CC26C2100C00C0D /* CameraController.swift in Sources */ = {isa = PBXBuildFile; fileRef = 1583BF541CC26C2100C00C0D /* CameraController.swift */; };
		1583BF571CC26F6E00C00C0D /* ControllerUtils.swift in Sources */ = {isa = PBXBuildFile; fileRef = 1583BF561CC26F6E00C00C0D /* ControllerUtils.swift */; };
		158606461CDB26F500C5DF95 /* MainViewController.swift in Sources */ = {isa = PBXBuildFile; fileRef = 158606451CDB26F500C5DF95 /* MainViewController.swift */; };
		1591D1FE1CD868DE006A13E2 /* CameraControllerTests.swift in Sources */ = {isa = PBXBuildFile; fileRef = 1591D1FD1CD868DE006A13E2 /* CameraControllerTests.swift */; };
		15B5003F1DA37108005DFB0D /* Panorama.swift in Sources */ = {isa = PBXBuildFile; fileRef = 15B5003E1DA37108005DFB0D /* Panorama.swift */; };
		15B500411DA3719F005DFB0D /* PanoramaViewController.swift in Sources */ = {isa = PBXBuildFile; fileRef = 15B500401DA3719F005DFB0D /* PanoramaViewController.swift */; };
		15B500431DA61970005DFB0D /* DJICameraExtensions.swift in Sources */ = {isa = PBXBuildFile; fileRef = 15B500421DA61970005DFB0D /* DJICameraExtensions.swift */; };
		15CCA5051CE23A5F003C9B38 /* ActiveAwareDispatchGroupTests.swift in Sources */ = {isa = PBXBuildFile; fileRef = 15CCA5041CE23A5F003C9B38 /* ActiveAwareDispatchGroupTests.swift */; };
		15CCA5091CE25FEF003C9B38 /* FlightControllerTests.swift in Sources */ = {isa = PBXBuildFile; fileRef = 15CCA5081CE25FEF003C9B38 /* FlightControllerTests.swift */; };
		15D284E21CDA4A0B00FD3F52 /* Settings.bundle in Resources */ = {isa = PBXBuildFile; fileRef = 15D284E11CDA4A0B00FD3F52 /* Settings.bundle */; };
		15F509FF1CC290F80097EB09 /* SettingsViewController.swift in Sources */ = {isa = PBXBuildFile; fileRef = 15F509FE1CC290F80097EB09 /* SettingsViewController.swift */; };
		15FD80DB1CDE92610073B1DA /* AnalyticsUtils.swift in Sources */ = {isa = PBXBuildFile; fileRef = 15FD80DA1CDE92610073B1DA /* AnalyticsUtils.swift */; };
		15FD80DD1CDE93FD0073B1DA /* GoogleAnalytics.framework in Frameworks */ = {isa = PBXBuildFile; fileRef = 15FD80DC1CDE93FD0073B1DA /* GoogleAnalytics.framework */; };
		15FD80E11CDF14EB0073B1DA /* DeviceKit.framework in Frameworks */ = {isa = PBXBuildFile; fileRef = 15FD80E01CDF14EB0073B1DA /* DeviceKit.framework */; };
		230F722C1E04907500FF7162 /* DJISDK.framework in Frameworks */ = {isa = PBXBuildFile; fileRef = 230F722B1E04907500FF7162 /* DJISDK.framework */; };
		230F722D1E0490B800FF7162 /* DJISDK.framework in Frameworks */ = {isa = PBXBuildFile; fileRef = 230F722B1E04907500FF7162 /* DJISDK.framework */; };
		230F722E1E0490B800FF7162 /* DJISDK.framework in Embed Frameworks */ = {isa = PBXBuildFile; fileRef = 230F722B1E04907500FF7162 /* DJISDK.framework */; settings = {ATTRIBUTES = (CodeSignOnCopy, RemoveHeadersOnCopy, ); }; };
		232F6F1B1C5448320013CCD9 /* Main.storyboard in Resources */ = {isa = PBXBuildFile; fileRef = 232F6F191C5448320013CCD9 /* Main.storyboard */; };
		232F6F1D1C5448320013CCD9 /* Assets.xcassets in Resources */ = {isa = PBXBuildFile; fileRef = 232F6F1C1C5448320013CCD9 /* Assets.xcassets */; };
		232F6F201C5448320013CCD9 /* LaunchScreen.storyboard in Resources */ = {isa = PBXBuildFile; fileRef = 232F6F1E1C5448320013CCD9 /* LaunchScreen.storyboard */; };
		232F6FD31C54498E0013CCD9 /* VideoToolbox.framework in Frameworks */ = {isa = PBXBuildFile; fileRef = 232F6FD21C54498E0013CCD9 /* VideoToolbox.framework */; };
		232F6FDB1C5449C20013CCD9 /* CoreMedia.framework in Frameworks */ = {isa = PBXBuildFile; fileRef = 232F6FDA1C5449C20013CCD9 /* CoreMedia.framework */; };
		23C04D5F1DADD72B009486A8 /* VideoPreviewer.framework in Frameworks */ = {isa = PBXBuildFile; fileRef = 23C04D5E1DADD6EB009486A8 /* VideoPreviewer.framework */; };
		23C04D601DADD72B009486A8 /* VideoPreviewer.framework in Embed Frameworks */ = {isa = PBXBuildFile; fileRef = 23C04D5E1DADD6EB009486A8 /* VideoPreviewer.framework */; settings = {ATTRIBUTES = (CodeSignOnCopy, RemoveHeadersOnCopy, ); }; };
		4E1AD2718F84A81080EE0481 /* GimbalController.swift in Sources */ = {isa = PBXBuildFile; fileRef = 4E1ADC2CAEC27E8366417603 /* GimbalController.swift */; };
		83195C0E1CE20269008A9755 /* ActiveAwareDispatchGroup.swift in Sources */ = {isa = PBXBuildFile; fileRef = 83195C0D1CE20269008A9755 /* ActiveAwareDispatchGroup.swift */; };
		83195C101CE32BF2008A9755 /* PreviewControllerTests.swift in Sources */ = {isa = PBXBuildFile; fileRef = 83195C0F1CE32BF2008A9755 /* PreviewControllerTests.swift */; };
		83251CBD1CC65B41009D4A4B /* GimbalControllerTests.swift in Sources */ = {isa = PBXBuildFile; fileRef = 83251CBC1CC65B41009D4A4B /* GimbalControllerTests.swift */; };
		833AB2641CEC931E0044A783 /* SettingsViewControllerTests.swift in Sources */ = {isa = PBXBuildFile; fileRef = 833AB2631CEC931E0044A783 /* SettingsViewControllerTests.swift */; };
		8362BB281CC64CA60071D0BA /* ModelSettingsTest.swift in Sources */ = {isa = PBXBuildFile; fileRef = 8362BB271CC64CA60071D0BA /* ModelSettingsTest.swift */; };
		836F73391CCF513700233FF3 /* MBProgressHUD.framework in Frameworks */ = {isa = PBXBuildFile; fileRef = 836F73381CCF513700233FF3 /* MBProgressHUD.framework */; };
		837983B71CCE0D1C001D1A27 /* CocoaLumberjack.framework in Frameworks */ = {isa = PBXBuildFile; fileRef = 154669BF1CCCB07200B9B6BC /* CocoaLumberjack.framework */; };
		837983B81CCE0D1F001D1A27 /* CocoaLumberjackSwift.framework in Frameworks */ = {isa = PBXBuildFile; fileRef = 154669BA1CCCAD8800B9B6BC /* CocoaLumberjackSwift.framework */; };
		839A7A991CC4B47A003BCAA7 /* ModelSettings.swift in Sources */ = {isa = PBXBuildFile; fileRef = 839A7A981CC4B47A003BCAA7 /* ModelSettings.swift */; };
		83A713271CF82571005194BA /* SliderTableViewCell.swift in Sources */ = {isa = PBXBuildFile; fileRef = 83A713261CF82571005194BA /* SliderTableViewCell.swift */; };
		83A713291CF8258B005194BA /* SegmentTableViewCell.swift in Sources */ = {isa = PBXBuildFile; fileRef = 83A713281CF8258B005194BA /* SegmentTableViewCell.swift */; };
		83A7132B1CF83034005194BA /* ButtonViewCell.swift in Sources */ = {isa = PBXBuildFile; fileRef = 83A7132A1CF83034005194BA /* ButtonViewCell.swift */; };
		83B5A1C41CEC4A180080A4B3 /* MainViewControllerTests.swift in Sources */ = {isa = PBXBuildFile; fileRef = 83B5A1C31CEC4A180080A4B3 /* MainViewControllerTests.swift */; };
/* End PBXBuildFile section */

/* Begin PBXContainerItemProxy section */
		23C04D5D1DADD6EB009486A8 /* PBXContainerItemProxy */ = {
			isa = PBXContainerItemProxy;
			containerPortal = 23C04D591DADD6EB009486A8 /* VideoPreviewer.xcodeproj */;
			proxyType = 2;
			remoteGlobalIDString = 02A543FD1C3C51CB0083C11B;
			remoteInfo = VideoPreviewer;
		};
		23C04D611DADD72B009486A8 /* PBXContainerItemProxy */ = {
			isa = PBXContainerItemProxy;
			containerPortal = 23C04D591DADD6EB009486A8 /* VideoPreviewer.xcodeproj */;
			proxyType = 1;
			remoteGlobalIDString = 02A543FC1C3C51CB0083C11B;
			remoteInfo = VideoPreviewer;
		};
		8362BB221CC64C8D0071D0BA /* PBXContainerItemProxy */ = {
			isa = PBXContainerItemProxy;
			containerPortal = 232F6F051C5448320013CCD9 /* Project object */;
			proxyType = 1;
			remoteGlobalIDString = 232F6F0C1C5448320013CCD9;
			remoteInfo = DronePan;
		};
/* End PBXContainerItemProxy section */

/* Begin PBXCopyFilesBuildPhase section */
		23C5D0E61C92359E0017F6F8 /* Embed Frameworks */ = {
			isa = PBXCopyFilesBuildPhase;
			buildActionMask = 12;
			dstPath = "";
			dstSubfolderSpec = 10;
			files = (
				23C04D601DADD72B009486A8 /* VideoPreviewer.framework in Embed Frameworks */,
				230F722E1E0490B800FF7162 /* DJISDK.framework in Embed Frameworks */,
			);
			name = "Embed Frameworks";
			runOnlyForDeploymentPostprocessing = 0;
		};
/* End PBXCopyFilesBuildPhase section */

/* Begin PBXFileReference section */
		1508FEEC1CCD4237000CE953 /* LogFormatter.swift */ = {isa = PBXFileReference; fileEncoding = 4; lastKnownFileType = sourcecode.swift; path = LogFormatter.swift; sourceTree = "<group>"; };
		15139CCB1DF2DCF900F6AFD5 /* ModelConfig.plist */ = {isa = PBXFileReference; fileEncoding = 4; lastKnownFileType = text.plist.xml; path = ModelConfig.plist; sourceTree = "<group>"; };
		15139CCD1DF2DD8D00F6AFD5 /* ModelConfig.swift */ = {isa = PBXFileReference; fileEncoding = 4; lastKnownFileType = sourcecode.swift; path = ModelConfig.swift; sourceTree = "<group>"; };
		15139CCF1DF2E8F900F6AFD5 /* ModelConfigTests.swift */ = {isa = PBXFileReference; fileEncoding = 4; lastKnownFileType = sourcecode.swift; path = ModelConfigTests.swift; sourceTree = "<group>"; };
		1521D6921CD4CF29007458D7 /* FlightController.swift */ = {isa = PBXFileReference; fileEncoding = 4; lastKnownFileType = sourcecode.swift; path = FlightController.swift; sourceTree = "<group>"; };
		1527B5F21CCE891D00D8AE5D /* ControllerUtilsTests.swift */ = {isa = PBXFileReference; fileEncoding = 4; lastKnownFileType = sourcecode.swift; path = ControllerUtilsTests.swift; sourceTree = "<group>"; };
		1545C4401DD04CA000BF235D /* PanoramaTests.swift */ = {isa = PBXFileReference; fileEncoding = 4; lastKnownFileType = sourcecode.swift; path = PanoramaTests.swift; sourceTree = "<group>"; };
		154669BA1CCCAD8800B9B6BC /* CocoaLumberjackSwift.framework */ = {isa = PBXFileReference; lastKnownFileType = wrapper.framework; name = CocoaLumberjackSwift.framework; path = Carthage/Build/iOS/CocoaLumberjackSwift.framework; sourceTree = "<group>"; };
		154669BD1CCCAE3A00B9B6BC /* AppDelegate.swift */ = {isa = PBXFileReference; fileEncoding = 4; lastKnownFileType = sourcecode.swift; path = AppDelegate.swift; sourceTree = "<group>"; };
		154669BF1CCCB07200B9B6BC /* CocoaLumberjack.framework */ = {isa = PBXFileReference; lastKnownFileType = wrapper.framework; name = CocoaLumberjack.framework; path = Carthage/Build/iOS/CocoaLumberjack.framework; sourceTree = "<group>"; };
		156712831DDA13ED001737B1 /* CocoaAsyncSocket.framework */ = {isa = PBXFileReference; lastKnownFileType = wrapper.framework; name = CocoaAsyncSocket.framework; path = Carthage/Build/iOS/CocoaAsyncSocket.framework; sourceTree = "<group>"; };
		156712841DDA13ED001737B1 /* PaperTrailLumberjack.framework */ = {isa = PBXFileReference; lastKnownFileType = wrapper.framework; name = PaperTrailLumberjack.framework; path = Carthage/Build/iOS/PaperTrailLumberjack.framework; sourceTree = "<group>"; };
		1568E9C21CDDE3F3009929FC /* UIViewControllerExtensions.swift */ = {isa = PBXFileReference; fileEncoding = 4; lastKnownFileType = sourcecode.swift; path = UIViewControllerExtensions.swift; sourceTree = "<group>"; };
		156BCBB81DA8EECF008A5601 /* CameraSettingsViewController.swift */ = {isa = PBXFileReference; fileEncoding = 4; lastKnownFileType = sourcecode.swift; path = CameraSettingsViewController.swift; sourceTree = "<group>"; };
		156F5FDD1CDE4DEF00BAE596 /* RemoteControllerTests.swift */ = {isa = PBXFileReference; fileEncoding = 4; lastKnownFileType = sourcecode.swift; path = RemoteControllerTests.swift; sourceTree = "<group>"; };
		156F5FDF1CDE510B00BAE596 /* BatteryControllerTests.swift */ = {isa = PBXFileReference; fileEncoding = 4; lastKnownFileType = sourcecode.swift; path = BatteryControllerTests.swift; sourceTree = "<group>"; };
		1574A1C11CEAF058008CFEE7 /* VideoPreviewerWrapper.swift */ = {isa = PBXFileReference; fileEncoding = 4; lastKnownFileType = sourcecode.swift; path = VideoPreviewerWrapper.swift; sourceTree = "<group>"; };
		157A71661CD53DB40074EAF8 /* ConnectionControllerTests.swift */ = {isa = PBXFileReference; fileEncoding = 4; lastKnownFileType = sourcecode.swift; path = ConnectionControllerTests.swift; sourceTree = "<group>"; };
		15839E931CCE9A40008B7E97 /* BatteryController.swift */ = {isa = PBXFileReference; fileEncoding = 4; lastKnownFileType = sourcecode.swift; path = BatteryController.swift; sourceTree = "<group>"; };
		15839FC11CCEAB3E008B7E97 /* RemoteController.swift */ = {isa = PBXFileReference; fileEncoding = 4; lastKnownFileType = sourcecode.swift; path = RemoteController.swift; sourceTree = "<group>"; };
		15839FC31CD3EC56008B7E97 /* PreviewController.swift */ = {isa = PBXFileReference; fileEncoding = 4; lastKnownFileType = sourcecode.swift; path = PreviewController.swift; sourceTree = "<group>"; };
		15839FC61CD487BB008B7E97 /* ConnectionController.swift */ = {isa = PBXFileReference; fileEncoding = 4; lastKnownFileType = sourcecode.swift; path = ConnectionController.swift; sourceTree = "<group>"; };
		15839FC81CD4BC40008B7E97 /* PanoramaController.swift */ = {isa = PBXFileReference; fileEncoding = 4; lastKnownFileType = sourcecode.swift; path = PanoramaController.swift; sourceTree = "<group>"; };
		15839FCA1CD4BE29008B7E97 /* PanoramaControllerTests.swift */ = {isa = PBXFileReference; fileEncoding = 4; lastKnownFileType = sourcecode.swift; path = PanoramaControllerTests.swift; sourceTree = "<group>"; };
		1583BF541CC26C2100C00C0D /* CameraController.swift */ = {isa = PBXFileReference; fileEncoding = 4; lastKnownFileType = sourcecode.swift; path = CameraController.swift; sourceTree = "<group>"; };
		1583BF561CC26F6E00C00C0D /* ControllerUtils.swift */ = {isa = PBXFileReference; fileEncoding = 4; lastKnownFileType = sourcecode.swift; path = ControllerUtils.swift; sourceTree = "<group>"; };
		158606451CDB26F500C5DF95 /* MainViewController.swift */ = {isa = PBXFileReference; fileEncoding = 4; lastKnownFileType = sourcecode.swift; path = MainViewController.swift; sourceTree = "<group>"; };
		158ECBBF1CC0113400A2765F /* DronePan-Bridging-Header.h */ = {isa = PBXFileReference; lastKnownFileType = sourcecode.c.h; path = "DronePan-Bridging-Header.h"; sourceTree = "<group>"; };
		1591D1FD1CD868DE006A13E2 /* CameraControllerTests.swift */ = {isa = PBXFileReference; fileEncoding = 4; lastKnownFileType = sourcecode.swift; path = CameraControllerTests.swift; sourceTree = "<group>"; };
		15B5003E1DA37108005DFB0D /* Panorama.swift */ = {isa = PBXFileReference; fileEncoding = 4; lastKnownFileType = sourcecode.swift; path = Panorama.swift; sourceTree = "<group>"; };
		15B500401DA3719F005DFB0D /* PanoramaViewController.swift */ = {isa = PBXFileReference; fileEncoding = 4; lastKnownFileType = sourcecode.swift; path = PanoramaViewController.swift; sourceTree = "<group>"; };
		15B500421DA61970005DFB0D /* DJICameraExtensions.swift */ = {isa = PBXFileReference; fileEncoding = 4; lastKnownFileType = sourcecode.swift; path = DJICameraExtensions.swift; sourceTree = "<group>"; };
		15CCA5041CE23A5F003C9B38 /* ActiveAwareDispatchGroupTests.swift */ = {isa = PBXFileReference; fileEncoding = 4; lastKnownFileType = sourcecode.swift; path = ActiveAwareDispatchGroupTests.swift; sourceTree = "<group>"; };
		15CCA5081CE25FEF003C9B38 /* FlightControllerTests.swift */ = {isa = PBXFileReference; fileEncoding = 4; lastKnownFileType = sourcecode.swift; path = FlightControllerTests.swift; sourceTree = "<group>"; };
		15D284E11CDA4A0B00FD3F52 /* Settings.bundle */ = {isa = PBXFileReference; lastKnownFileType = "wrapper.plug-in"; path = Settings.bundle; sourceTree = "<group>"; };
		15F509FE1CC290F80097EB09 /* SettingsViewController.swift */ = {isa = PBXFileReference; fileEncoding = 4; lastKnownFileType = sourcecode.swift; path = SettingsViewController.swift; sourceTree = "<group>"; };
		15FD80DA1CDE92610073B1DA /* AnalyticsUtils.swift */ = {isa = PBXFileReference; fileEncoding = 4; lastKnownFileType = sourcecode.swift; path = AnalyticsUtils.swift; sourceTree = "<group>"; };
		15FD80DC1CDE93FD0073B1DA /* GoogleAnalytics.framework */ = {isa = PBXFileReference; lastKnownFileType = wrapper.framework; name = GoogleAnalytics.framework; path = Carthage/Build/iOS/GoogleAnalytics.framework; sourceTree = "<group>"; };
		15FD80E01CDF14EB0073B1DA /* DeviceKit.framework */ = {isa = PBXFileReference; lastKnownFileType = wrapper.framework; name = DeviceKit.framework; path = Carthage/Build/iOS/DeviceKit.framework; sourceTree = "<group>"; };
		230F722B1E04907500FF7162 /* DJISDK.framework */ = {isa = PBXFileReference; lastKnownFileType = wrapper.framework; name = DJISDK.framework; path = DronePan/DJISDK.framework; sourceTree = "<group>"; };
		232F6F0D1C5448320013CCD9 /* DronePan.app */ = {isa = PBXFileReference; explicitFileType = wrapper.application; includeInIndex = 0; path = DronePan.app; sourceTree = BUILT_PRODUCTS_DIR; };
		232F6F1A1C5448320013CCD9 /* Base */ = {isa = PBXFileReference; lastKnownFileType = file.storyboard; name = Base; path = Base.lproj/Main.storyboard; sourceTree = "<group>"; };
		232F6F1C1C5448320013CCD9 /* Assets.xcassets */ = {isa = PBXFileReference; lastKnownFileType = folder.assetcatalog; path = Assets.xcassets; sourceTree = "<group>"; };
		232F6F1F1C5448320013CCD9 /* Base */ = {isa = PBXFileReference; lastKnownFileType = file.storyboard; name = Base; path = Base.lproj/LaunchScreen.storyboard; sourceTree = "<group>"; };
		232F6F211C5448320013CCD9 /* Info.plist */ = {isa = PBXFileReference; lastKnownFileType = text.plist.xml; path = Info.plist; sourceTree = "<group>"; };
		232F6FD21C54498E0013CCD9 /* VideoToolbox.framework */ = {isa = PBXFileReference; lastKnownFileType = wrapper.framework; name = VideoToolbox.framework; path = System/Library/Frameworks/VideoToolbox.framework; sourceTree = SDKROOT; };
		232F6FDA1C5449C20013CCD9 /* CoreMedia.framework */ = {isa = PBXFileReference; lastKnownFileType = wrapper.framework; name = CoreMedia.framework; path = System/Library/Frameworks/CoreMedia.framework; sourceTree = SDKROOT; };
		23C04D591DADD6EB009486A8 /* VideoPreviewer.xcodeproj */ = {isa = PBXFileReference; lastKnownFileType = "wrapper.pb-project"; name = VideoPreviewer.xcodeproj; path = DronePan/VideoPreviewer/VideoPreviewer.xcodeproj; sourceTree = "<group>"; };
		4E1ADC2CAEC27E8366417603 /* GimbalController.swift */ = {isa = PBXFileReference; fileEncoding = 4; lastKnownFileType = sourcecode.swift; path = GimbalController.swift; sourceTree = "<group>"; };
		83195C0D1CE20269008A9755 /* ActiveAwareDispatchGroup.swift */ = {isa = PBXFileReference; fileEncoding = 4; lastKnownFileType = sourcecode.swift; path = ActiveAwareDispatchGroup.swift; sourceTree = "<group>"; };
		83195C0F1CE32BF2008A9755 /* PreviewControllerTests.swift */ = {isa = PBXFileReference; fileEncoding = 4; lastKnownFileType = sourcecode.swift; path = PreviewControllerTests.swift; sourceTree = "<group>"; };
		83251CBC1CC65B41009D4A4B /* GimbalControllerTests.swift */ = {isa = PBXFileReference; fileEncoding = 4; lastKnownFileType = sourcecode.swift; path = GimbalControllerTests.swift; sourceTree = "<group>"; };
		833AB2631CEC931E0044A783 /* SettingsViewControllerTests.swift */ = {isa = PBXFileReference; fileEncoding = 4; lastKnownFileType = sourcecode.swift; path = SettingsViewControllerTests.swift; sourceTree = "<group>"; };
		8362BB1D1CC64C8D0071D0BA /* DronePanTests.xctest */ = {isa = PBXFileReference; explicitFileType = wrapper.cfbundle; includeInIndex = 0; path = DronePanTests.xctest; sourceTree = BUILT_PRODUCTS_DIR; };
		8362BB211CC64C8D0071D0BA /* Info.plist */ = {isa = PBXFileReference; lastKnownFileType = text.plist.xml; path = Info.plist; sourceTree = "<group>"; };
		8362BB271CC64CA60071D0BA /* ModelSettingsTest.swift */ = {isa = PBXFileReference; fileEncoding = 4; lastKnownFileType = sourcecode.swift; path = ModelSettingsTest.swift; sourceTree = "<group>"; };
		836F73381CCF513700233FF3 /* MBProgressHUD.framework */ = {isa = PBXFileReference; lastKnownFileType = wrapper.framework; name = MBProgressHUD.framework; path = Carthage/Build/iOS/MBProgressHUD.framework; sourceTree = "<group>"; };
		839A7A981CC4B47A003BCAA7 /* ModelSettings.swift */ = {isa = PBXFileReference; fileEncoding = 4; lastKnownFileType = sourcecode.swift; path = ModelSettings.swift; sourceTree = "<group>"; };
		83A713261CF82571005194BA /* SliderTableViewCell.swift */ = {isa = PBXFileReference; fileEncoding = 4; lastKnownFileType = sourcecode.swift; path = SliderTableViewCell.swift; sourceTree = "<group>"; };
		83A713281CF8258B005194BA /* SegmentTableViewCell.swift */ = {isa = PBXFileReference; fileEncoding = 4; lastKnownFileType = sourcecode.swift; path = SegmentTableViewCell.swift; sourceTree = "<group>"; };
		83A7132A1CF83034005194BA /* ButtonViewCell.swift */ = {isa = PBXFileReference; fileEncoding = 4; lastKnownFileType = sourcecode.swift; path = ButtonViewCell.swift; sourceTree = "<group>"; };
		83B5A1C31CEC4A180080A4B3 /* MainViewControllerTests.swift */ = {isa = PBXFileReference; fileEncoding = 4; lastKnownFileType = sourcecode.swift; path = MainViewControllerTests.swift; sourceTree = "<group>"; };
/* End PBXFileReference section */

/* Begin PBXFrameworksBuildPhase section */
		232F6F0A1C5448320013CCD9 /* Frameworks */ = {
			isa = PBXFrameworksBuildPhase;
			buildActionMask = 2147483647;
			files = (
				836F73391CCF513700233FF3 /* MBProgressHUD.framework in Frameworks */,
				232F6FDB1C5449C20013CCD9 /* CoreMedia.framework in Frameworks */,
				23C04D5F1DADD72B009486A8 /* VideoPreviewer.framework in Frameworks */,
				154669C01CCCB07200B9B6BC /* CocoaLumberjack.framework in Frameworks */,
				15FD80DD1CDE93FD0073B1DA /* GoogleAnalytics.framework in Frameworks */,
				154669BB1CCCAD8800B9B6BC /* CocoaLumberjackSwift.framework in Frameworks */,
				232F6FD31C54498E0013CCD9 /* VideoToolbox.framework in Frameworks */,
				230F722C1E04907500FF7162 /* DJISDK.framework in Frameworks */,
				156712851DDA13ED001737B1 /* CocoaAsyncSocket.framework in Frameworks */,
				230F722D1E0490B800FF7162 /* DJISDK.framework in Frameworks */,
				156712861DDA13ED001737B1 /* PaperTrailLumberjack.framework in Frameworks */,
				15FD80E11CDF14EB0073B1DA /* DeviceKit.framework in Frameworks */,
			);
			runOnlyForDeploymentPostprocessing = 0;
		};
		8362BB1A1CC64C8D0071D0BA /* Frameworks */ = {
			isa = PBXFrameworksBuildPhase;
			buildActionMask = 2147483647;
			files = (
				837983B71CCE0D1C001D1A27 /* CocoaLumberjack.framework in Frameworks */,
				837983B81CCE0D1F001D1A27 /* CocoaLumberjackSwift.framework in Frameworks */,
			);
			runOnlyForDeploymentPostprocessing = 0;
		};
/* End PBXFrameworksBuildPhase section */

/* Begin PBXGroup section */
		154669C11CCCBDB300B9B6BC /* Frameworks */ = {
			isa = PBXGroup;
			children = (
				230F722B1E04907500FF7162 /* DJISDK.framework */,
				156712831DDA13ED001737B1 /* CocoaAsyncSocket.framework */,
				156712841DDA13ED001737B1 /* PaperTrailLumberjack.framework */,
				23C04D591DADD6EB009486A8 /* VideoPreviewer.xcodeproj */,
				15FD80E01CDF14EB0073B1DA /* DeviceKit.framework */,
				15FD80DC1CDE93FD0073B1DA /* GoogleAnalytics.framework */,
				836F73381CCF513700233FF3 /* MBProgressHUD.framework */,
				232F6FD21C54498E0013CCD9 /* VideoToolbox.framework */,
				154669BF1CCCB07200B9B6BC /* CocoaLumberjack.framework */,
				154669BA1CCCAD8800B9B6BC /* CocoaLumberjackSwift.framework */,
				232F6FDA1C5449C20013CCD9 /* CoreMedia.framework */,
			);
			name = Frameworks;
			sourceTree = "<group>";
		};
		15CCA5061CE24434003C9B38 /* View Controllers */ = {
			isa = PBXGroup;
			children = (
				156BCBB81DA8EECF008A5601 /* CameraSettingsViewController.swift */,
				158606451CDB26F500C5DF95 /* MainViewController.swift */,
				15B500401DA3719F005DFB0D /* PanoramaViewController.swift */,
				15F509FE1CC290F80097EB09 /* SettingsViewController.swift */,
				83A713261CF82571005194BA /* SliderTableViewCell.swift */,
				83A713281CF8258B005194BA /* SegmentTableViewCell.swift */,
				83A7132A1CF83034005194BA /* ButtonViewCell.swift */,
			);
			name = "View Controllers";
			path = ViewControllers;
			sourceTree = "<group>";
		};
		15CCA5071CE2447A003C9B38 /* Utils */ = {
			isa = PBXGroup;
			children = (
				83195C0D1CE20269008A9755 /* ActiveAwareDispatchGroup.swift */,
				15FD80DA1CDE92610073B1DA /* AnalyticsUtils.swift */,
				1583BF561CC26F6E00C00C0D /* ControllerUtils.swift */,
				15B500421DA61970005DFB0D /* DJICameraExtensions.swift */,
				1508FEEC1CCD4237000CE953 /* LogFormatter.swift */,
				15139CCD1DF2DD8D00F6AFD5 /* ModelConfig.swift */,
				839A7A981CC4B47A003BCAA7 /* ModelSettings.swift */,
				1568E9C21CDDE3F3009929FC /* UIViewControllerExtensions.swift */,
				1574A1C11CEAF058008CFEE7 /* VideoPreviewerWrapper.swift */,
			);
			path = Utils;
			sourceTree = "<group>";
		};
		232F6F041C5448320013CCD9 = {
			isa = PBXGroup;
			children = (
				154669C11CCCBDB300B9B6BC /* Frameworks */,
				232F6F0F1C5448320013CCD9 /* DronePan */,
				8362BB1E1CC64C8D0071D0BA /* DronePanTests */,
				232F6F0E1C5448320013CCD9 /* Products */,
			);
			sourceTree = "<group>";
		};
		232F6F0E1C5448320013CCD9 /* Products */ = {
			isa = PBXGroup;
			children = (
				232F6F0D1C5448320013CCD9 /* DronePan.app */,
				8362BB1D1CC64C8D0071D0BA /* DronePanTests.xctest */,
			);
			name = Products;
			sourceTree = "<group>";
		};
		232F6F0F1C5448320013CCD9 /* DronePan */ = {
			isa = PBXGroup;
			children = (
				154669BD1CCCAE3A00B9B6BC /* AppDelegate.swift */,
				15B5003E1DA37108005DFB0D /* Panorama.swift */,
				83EBB1651CD0DA6C00F381A8 /* Controllers */,
				15CCA5061CE24434003C9B38 /* View Controllers */,
				15CCA5071CE2447A003C9B38 /* Utils */,
				83EBB1641CD0DA3E00F381A8 /* Storyboards */,
				83EBB1631CD0DA1A00F381A8 /* Supporting files */,
			);
			path = DronePan;
			sourceTree = "<group>";
		};
		23C04D5A1DADD6EB009486A8 /* Products */ = {
			isa = PBXGroup;
			children = (
				23C04D5E1DADD6EB009486A8 /* VideoPreviewer.framework */,
			);
			name = Products;
			sourceTree = "<group>";
		};
		8362BB1E1CC64C8D0071D0BA /* DronePanTests */ = {
			isa = PBXGroup;
			children = (
				8362BB211CC64C8D0071D0BA /* Info.plist */,
				15CCA5041CE23A5F003C9B38 /* ActiveAwareDispatchGroupTests.swift */,
				156F5FDD1CDE4DEF00BAE596 /* RemoteControllerTests.swift */,
				156F5FDF1CDE510B00BAE596 /* BatteryControllerTests.swift */,
				1591D1FD1CD868DE006A13E2 /* CameraControllerTests.swift */,
				157A71661CD53DB40074EAF8 /* ConnectionControllerTests.swift */,
				1527B5F21CCE891D00D8AE5D /* ControllerUtilsTests.swift */,
				15CCA5081CE25FEF003C9B38 /* FlightControllerTests.swift */,
				83251CBC1CC65B41009D4A4B /* GimbalControllerTests.swift */,
				83B5A1C31CEC4A180080A4B3 /* MainViewControllerTests.swift */,
				15139CCF1DF2E8F900F6AFD5 /* ModelConfigTests.swift */,
				8362BB271CC64CA60071D0BA /* ModelSettingsTest.swift */,
				1545C4401DD04CA000BF235D /* PanoramaTests.swift */,
				15839FCA1CD4BE29008B7E97 /* PanoramaControllerTests.swift */,
				83195C0F1CE32BF2008A9755 /* PreviewControllerTests.swift */,
				833AB2631CEC931E0044A783 /* SettingsViewControllerTests.swift */,
			);
			path = DronePanTests;
			sourceTree = SOURCE_ROOT;
		};
		83EBB1631CD0DA1A00F381A8 /* Supporting files */ = {
			isa = PBXGroup;
			children = (
				232F6F1C1C5448320013CCD9 /* Assets.xcassets */,
				158ECBBF1CC0113400A2765F /* DronePan-Bridging-Header.h */,
				232F6F211C5448320013CCD9 /* Info.plist */,
				15D284E11CDA4A0B00FD3F52 /* Settings.bundle */,
				15139CCB1DF2DCF900F6AFD5 /* ModelConfig.plist */,
			);
			name = "Supporting files";
			sourceTree = "<group>";
		};
		83EBB1641CD0DA3E00F381A8 /* Storyboards */ = {
			isa = PBXGroup;
			children = (
				232F6F1E1C5448320013CCD9 /* LaunchScreen.storyboard */,
				232F6F191C5448320013CCD9 /* Main.storyboard */,
			);
			name = Storyboards;
			sourceTree = "<group>";
		};
		83EBB1651CD0DA6C00F381A8 /* Controllers */ = {
			isa = PBXGroup;
			children = (
				15839E931CCE9A40008B7E97 /* BatteryController.swift */,
				1583BF541CC26C2100C00C0D /* CameraController.swift */,
				15839FC61CD487BB008B7E97 /* ConnectionController.swift */,
				1521D6921CD4CF29007458D7 /* FlightController.swift */,
				4E1ADC2CAEC27E8366417603 /* GimbalController.swift */,
				15839FC81CD4BC40008B7E97 /* PanoramaController.swift */,
				15839FC31CD3EC56008B7E97 /* PreviewController.swift */,
				15839FC11CCEAB3E008B7E97 /* RemoteController.swift */,
			);
			path = Controllers;
			sourceTree = "<group>";
		};
/* End PBXGroup section */

/* Begin PBXNativeTarget section */
		232F6F0C1C5448320013CCD9 /* DronePan */ = {
			isa = PBXNativeTarget;
			buildConfigurationList = 232F6F3A1C5448320013CCD9 /* Build configuration list for PBXNativeTarget "DronePan" */;
			buildPhases = (
				232F6F091C5448320013CCD9 /* Sources */,
				232F6F0A1C5448320013CCD9 /* Frameworks */,
				232F6F0B1C5448320013CCD9 /* Resources */,
				23C5D0E61C92359E0017F6F8 /* Embed Frameworks */,
				232858CF1C9247E9004B9582 /* ShellScript */,
				154669BC1CCCADB500B9B6BC /* ShellScript */,
			);
			buildRules = (
			);
			dependencies = (
				23C04D621DADD72B009486A8 /* PBXTargetDependency */,
			);
			name = DronePan;
			productName = DronePan;
			productReference = 232F6F0D1C5448320013CCD9 /* DronePan.app */;
			productType = "com.apple.product-type.application";
		};
		8362BB1C1CC64C8D0071D0BA /* DronePanTests */ = {
			isa = PBXNativeTarget;
			buildConfigurationList = 8362BB241CC64C8D0071D0BA /* Build configuration list for PBXNativeTarget "DronePanTests" */;
			buildPhases = (
				8362BB191CC64C8D0071D0BA /* Sources */,
				8362BB1A1CC64C8D0071D0BA /* Frameworks */,
				8362BB1B1CC64C8D0071D0BA /* Resources */,
			);
			buildRules = (
			);
			dependencies = (
				8362BB231CC64C8D0071D0BA /* PBXTargetDependency */,
			);
			name = DronePanTests;
			productName = DronePanTests;
			productReference = 8362BB1D1CC64C8D0071D0BA /* DronePanTests.xctest */;
			productType = "com.apple.product-type.bundle.unit-test";
		};
/* End PBXNativeTarget section */

/* Begin PBXProject section */
		232F6F051C5448320013CCD9 /* Project object */ = {
			isa = PBXProject;
			attributes = {
				LastSwiftUpdateCheck = 0730;
				LastUpgradeCheck = 0800;
				ORGANIZATIONNAME = "Unmanned Airlines, LLC";
				TargetAttributes = {
					232F6F0C1C5448320013CCD9 = {
						CreatedOnToolsVersion = 7.2;
						DevelopmentTeam = TP7ZU94CZV;
						LastSwiftMigration = 0800;
					};
					8362BB1C1CC64C8D0071D0BA = {
						CreatedOnToolsVersion = 7.3;
						LastSwiftMigration = 0800;
						TestTargetID = 232F6F0C1C5448320013CCD9;
					};
				};
			};
			buildConfigurationList = 232F6F081C5448320013CCD9 /* Build configuration list for PBXProject "DronePan" */;
			compatibilityVersion = "Xcode 3.2";
			developmentRegion = English;
			hasScannedForEncodings = 0;
			knownRegions = (
				en,
				Base,
			);
			mainGroup = 232F6F041C5448320013CCD9;
			productRefGroup = 232F6F0E1C5448320013CCD9 /* Products */;
			projectDirPath = "";
			projectReferences = (
				{
					ProductGroup = 23C04D5A1DADD6EB009486A8 /* Products */;
					ProjectRef = 23C04D591DADD6EB009486A8 /* VideoPreviewer.xcodeproj */;
				},
			);
			projectRoot = "";
			targets = (
				232F6F0C1C5448320013CCD9 /* DronePan */,
				8362BB1C1CC64C8D0071D0BA /* DronePanTests */,
			);
		};
/* End PBXProject section */

/* Begin PBXReferenceProxy section */
		23C04D5E1DADD6EB009486A8 /* VideoPreviewer.framework */ = {
			isa = PBXReferenceProxy;
			fileType = wrapper.framework;
			path = VideoPreviewer.framework;
			remoteRef = 23C04D5D1DADD6EB009486A8 /* PBXContainerItemProxy */;
			sourceTree = BUILT_PRODUCTS_DIR;
		};
/* End PBXReferenceProxy section */

/* Begin PBXResourcesBuildPhase section */
		232F6F0B1C5448320013CCD9 /* Resources */ = {
			isa = PBXResourcesBuildPhase;
			buildActionMask = 2147483647;
			files = (
				232F6F201C5448320013CCD9 /* LaunchScreen.storyboard in Resources */,
				15D284E21CDA4A0B00FD3F52 /* Settings.bundle in Resources */,
				15139CCC1DF2DCF900F6AFD5 /* ModelConfig.plist in Resources */,
				232F6F1D1C5448320013CCD9 /* Assets.xcassets in Resources */,
				232F6F1B1C5448320013CCD9 /* Main.storyboard in Resources */,
			);
			runOnlyForDeploymentPostprocessing = 0;
		};
		8362BB1B1CC64C8D0071D0BA /* Resources */ = {
			isa = PBXResourcesBuildPhase;
			buildActionMask = 2147483647;
			files = (
			);
			runOnlyForDeploymentPostprocessing = 0;
		};
/* End PBXResourcesBuildPhase section */

/* Begin PBXShellScriptBuildPhase section */
		154669BC1CCCADB500B9B6BC /* ShellScript */ = {
			isa = PBXShellScriptBuildPhase;
			buildActionMask = 2147483647;
			files = (
			);
			inputPaths = (
				"$(SRCROOT)/Carthage/Build/iOS/MBProgressHUD.framework",
				"$(SRCROOT)/Carthage/Build/iOS/GoogleAnalytics.framework",
				"$(SRCROOT)/Carthage/Build/iOS/DeviceKit.framework",
				"$(SRCROOT)/Carthage/Build/iOS/CocoaLumberjackSwift.framework",
				"$(SRCROOT)/Carthage/Build/iOS/CocoaLumberjack.framework",
				"$(SRCROOT)/Carthage/Build/iOS/CocoaAsyncSocket.framework",
				"$(SRCROOT)/Carthage/Build/iOS/PaperTrailLumberjack.framework",
			);
			outputPaths = (
			);
			runOnlyForDeploymentPostprocessing = 0;
			shellPath = /bin/sh;
			shellScript = "/usr/local/bin/carthage copy-frameworks";
		};
		232858CF1C9247E9004B9582 /* ShellScript */ = {
			isa = PBXShellScriptBuildPhase;
			buildActionMask = 2147483647;
			files = (
			);
			inputPaths = (
			);
			outputPaths = (
			);
			runOnlyForDeploymentPostprocessing = 0;
			shellPath = /bin/sh;
			shellScript = "APP_PATH=\"${TARGET_BUILD_DIR}/${WRAPPER_NAME}\"\n# This script loops through the frameworks embedded in the application and\n# removes unused architectures.\nfind \"$APP_PATH\" -name '*.framework' -type d | while read -r FRAMEWORK\ndo\nFRAMEWORK_EXECUTABLE_NAME=$(defaults read \"$FRAMEWORK/Info.plist\" CFBundleExecutable)\nFRAMEWORK_EXECUTABLE_PATH=\"$FRAMEWORK/$FRAMEWORK_EXECUTABLE_NAME\"\necho \"Executable is $FRAMEWORK_EXECUTABLE_PATH\"\n\nEXTRACTED_ARCHS=()\n\nfor ARCH in $ARCHS\ndo\necho \"Extracting $ARCH from $FRAMEWORK_EXECUTABLE_NAME\"\nlipo -extract \"$ARCH\" \"$FRAMEWORK_EXECUTABLE_PATH\" -o \"$FRAMEWORK_EXECUTABLE_PATH-$ARCH\"\nEXTRACTED_ARCHS+=(\"$FRAMEWORK_EXECUTABLE_PATH-$ARCH\")\ndone\n\necho \"Merging extracted architectures: ${ARCHS}\"\nlipo -o \"$FRAMEWORK_EXECUTABLE_PATH-merged\" -create \"${EXTRACTED_ARCHS[@]}\"\nrm \"${EXTRACTED_ARCHS[@]}\"\n\necho \"Replacing original executable with thinned version\"\nrm \"$FRAMEWORK_EXECUTABLE_PATH\"\nmv \"$FRAMEWORK_EXECUTABLE_PATH-merged\" \"$FRAMEWORK_EXECUTABLE_PATH\"\ndone";
		};
/* End PBXShellScriptBuildPhase section */

/* Begin PBXSourcesBuildPhase section */
		232F6F091C5448320013CCD9 /* Sources */ = {
			isa = PBXSourcesBuildPhase;
			buildActionMask = 2147483647;
			files = (
				15FD80DB1CDE92610073B1DA /* AnalyticsUtils.swift in Sources */,
				158606461CDB26F500C5DF95 /* MainViewController.swift in Sources */,
				839A7A991CC4B47A003BCAA7 /* ModelSettings.swift in Sources */,
				15839FC71CD487BB008B7E97 /* ConnectionController.swift in Sources */,
				83A713271CF82571005194BA /* SliderTableViewCell.swift in Sources */,
				1583BF571CC26F6E00C00C0D /* ControllerUtils.swift in Sources */,
				15839FC41CD3EC56008B7E97 /* PreviewController.swift in Sources */,
				154669BE1CCCAE3A00B9B6BC /* AppDelegate.swift in Sources */,
				83A7132B1CF83034005194BA /* ButtonViewCell.swift in Sources */,
				83195C0E1CE20269008A9755 /* ActiveAwareDispatchGroup.swift in Sources */,
				156BCBB91DA8EECF008A5601 /* CameraSettingsViewController.swift in Sources */,
				1583BF551CC26C2100C00C0D /* CameraController.swift in Sources */,
				1568E9C31CDDE3F3009929FC /* UIViewControllerExtensions.swift in Sources */,
				15139CCE1DF2DD8D00F6AFD5 /* ModelConfig.swift in Sources */,
				83A713291CF8258B005194BA /* SegmentTableViewCell.swift in Sources */,
				15B500411DA3719F005DFB0D /* PanoramaViewController.swift in Sources */,
				1508FEED1CCD4237000CE953 /* LogFormatter.swift in Sources */,
				15839FC91CD4BC40008B7E97 /* PanoramaController.swift in Sources */,
				15B5003F1DA37108005DFB0D /* Panorama.swift in Sources */,
				15F509FF1CC290F80097EB09 /* SettingsViewController.swift in Sources */,
				15839E941CCE9A40008B7E97 /* BatteryController.swift in Sources */,
				15B500431DA61970005DFB0D /* DJICameraExtensions.swift in Sources */,
				15839FC21CCEAB3E008B7E97 /* RemoteController.swift in Sources */,
				4E1AD2718F84A81080EE0481 /* GimbalController.swift in Sources */,
				1521D6931CD4CF29007458D7 /* FlightController.swift in Sources */,
				1574A1C21CEAF058008CFEE7 /* VideoPreviewerWrapper.swift in Sources */,
			);
			runOnlyForDeploymentPostprocessing = 0;
		};
		8362BB191CC64C8D0071D0BA /* Sources */ = {
			isa = PBXSourcesBuildPhase;
			buildActionMask = 2147483647;
			files = (
				833AB2641CEC931E0044A783 /* SettingsViewControllerTests.swift in Sources */,
				157A71671CD53DB40074EAF8 /* ConnectionControllerTests.swift in Sources */,
				156F5FE01CDE510B00BAE596 /* BatteryControllerTests.swift in Sources */,
				8362BB281CC64CA60071D0BA /* ModelSettingsTest.swift in Sources */,
				15CCA5091CE25FEF003C9B38 /* FlightControllerTests.swift in Sources */,
				83195C101CE32BF2008A9755 /* PreviewControllerTests.swift in Sources */,
				1545C4411DD04CA000BF235D /* PanoramaTests.swift in Sources */,
				1591D1FE1CD868DE006A13E2 /* CameraControllerTests.swift in Sources */,
				1527B5F31CCE891D00D8AE5D /* ControllerUtilsTests.swift in Sources */,
				15839FCB1CD4BE29008B7E97 /* PanoramaControllerTests.swift in Sources */,
				15CCA5051CE23A5F003C9B38 /* ActiveAwareDispatchGroupTests.swift in Sources */,
				156F5FDE1CDE4DEF00BAE596 /* RemoteControllerTests.swift in Sources */,
				83251CBD1CC65B41009D4A4B /* GimbalControllerTests.swift in Sources */,
				15139CD01DF2E8F900F6AFD5 /* ModelConfigTests.swift in Sources */,
				83B5A1C41CEC4A180080A4B3 /* MainViewControllerTests.swift in Sources */,
			);
			runOnlyForDeploymentPostprocessing = 0;
		};
/* End PBXSourcesBuildPhase section */

/* Begin PBXTargetDependency section */
		23C04D621DADD72B009486A8 /* PBXTargetDependency */ = {
			isa = PBXTargetDependency;
			name = VideoPreviewer;
			targetProxy = 23C04D611DADD72B009486A8 /* PBXContainerItemProxy */;
		};
		8362BB231CC64C8D0071D0BA /* PBXTargetDependency */ = {
			isa = PBXTargetDependency;
			target = 232F6F0C1C5448320013CCD9 /* DronePan */;
			targetProxy = 8362BB221CC64C8D0071D0BA /* PBXContainerItemProxy */;
		};
/* End PBXTargetDependency section */

/* Begin PBXVariantGroup section */
		232F6F191C5448320013CCD9 /* Main.storyboard */ = {
			isa = PBXVariantGroup;
			children = (
				232F6F1A1C5448320013CCD9 /* Base */,
			);
			name = Main.storyboard;
			sourceTree = "<group>";
		};
		232F6F1E1C5448320013CCD9 /* LaunchScreen.storyboard */ = {
			isa = PBXVariantGroup;
			children = (
				232F6F1F1C5448320013CCD9 /* Base */,
			);
			name = LaunchScreen.storyboard;
			sourceTree = "<group>";
		};
/* End PBXVariantGroup section */

/* Begin XCBuildConfiguration section */
		232F6F381C5448320013CCD9 /* Debug */ = {
			isa = XCBuildConfiguration;
			buildSettings = {
				ALWAYS_SEARCH_USER_PATHS = NO;
				CLANG_CXX_LANGUAGE_STANDARD = "gnu++0x";
				CLANG_CXX_LIBRARY = "libc++";
				CLANG_ENABLE_MODULES = YES;
				CLANG_ENABLE_OBJC_ARC = YES;
				CLANG_WARN_BOOL_CONVERSION = YES;
				CLANG_WARN_CONSTANT_CONVERSION = YES;
				CLANG_WARN_DIRECT_OBJC_ISA_USAGE = YES_ERROR;
				CLANG_WARN_EMPTY_BODY = YES;
				CLANG_WARN_ENUM_CONVERSION = YES;
				CLANG_WARN_INFINITE_RECURSION = YES;
				CLANG_WARN_INT_CONVERSION = YES;
				CLANG_WARN_OBJC_ROOT_CLASS = YES_ERROR;
				CLANG_WARN_SUSPICIOUS_MOVE = YES;
				CLANG_WARN_UNREACHABLE_CODE = YES;
				CLANG_WARN__DUPLICATE_METHOD_MATCH = YES;
				"CODE_SIGN_IDENTITY[sdk=iphoneos*]" = "iPhone Developer";
				COPY_PHASE_STRIP = NO;
				DEBUG_INFORMATION_FORMAT = dwarf;
				ENABLE_BITCODE = NO;
				ENABLE_STRICT_OBJC_MSGSEND = YES;
				ENABLE_TESTABILITY = YES;
				GCC_C_LANGUAGE_STANDARD = gnu99;
				GCC_DYNAMIC_NO_PIC = NO;
				GCC_NO_COMMON_BLOCKS = YES;
				GCC_OPTIMIZATION_LEVEL = 0;
				GCC_PREPROCESSOR_DEFINITIONS = (
					"DEBUG=1",
					"$(inherited)",
				);
				GCC_WARN_64_TO_32_BIT_CONVERSION = YES;
				GCC_WARN_ABOUT_RETURN_TYPE = YES_ERROR;
				GCC_WARN_UNDECLARED_SELECTOR = YES;
				GCC_WARN_UNINITIALIZED_AUTOS = YES_AGGRESSIVE;
				GCC_WARN_UNUSED_FUNCTION = YES;
				GCC_WARN_UNUSED_VARIABLE = YES;
				IPHONEOS_DEPLOYMENT_TARGET = 9.0;
				MTL_ENABLE_DEBUG_INFO = YES;
				ONLY_ACTIVE_ARCH = YES;
				SDKROOT = iphoneos;
				TARGETED_DEVICE_FAMILY = 2;
			};
			name = Debug;
		};
		232F6F391C5448320013CCD9 /* Release */ = {
			isa = XCBuildConfiguration;
			buildSettings = {
				ALWAYS_SEARCH_USER_PATHS = NO;
				CLANG_CXX_LANGUAGE_STANDARD = "gnu++0x";
				CLANG_CXX_LIBRARY = "libc++";
				CLANG_ENABLE_MODULES = YES;
				CLANG_ENABLE_OBJC_ARC = YES;
				CLANG_WARN_BOOL_CONVERSION = YES;
				CLANG_WARN_CONSTANT_CONVERSION = YES;
				CLANG_WARN_DIRECT_OBJC_ISA_USAGE = YES_ERROR;
				CLANG_WARN_EMPTY_BODY = YES;
				CLANG_WARN_ENUM_CONVERSION = YES;
				CLANG_WARN_INFINITE_RECURSION = YES;
				CLANG_WARN_INT_CONVERSION = YES;
				CLANG_WARN_OBJC_ROOT_CLASS = YES_ERROR;
				CLANG_WARN_SUSPICIOUS_MOVE = YES;
				CLANG_WARN_UNREACHABLE_CODE = YES;
				CLANG_WARN__DUPLICATE_METHOD_MATCH = YES;
				"CODE_SIGN_IDENTITY[sdk=iphoneos*]" = "iPhone Developer";
				COPY_PHASE_STRIP = NO;
				DEBUG_INFORMATION_FORMAT = "dwarf-with-dsym";
				ENABLE_BITCODE = NO;
				ENABLE_NS_ASSERTIONS = NO;
				ENABLE_STRICT_OBJC_MSGSEND = YES;
				GCC_C_LANGUAGE_STANDARD = gnu99;
				GCC_NO_COMMON_BLOCKS = YES;
				GCC_WARN_64_TO_32_BIT_CONVERSION = YES;
				GCC_WARN_ABOUT_RETURN_TYPE = YES_ERROR;
				GCC_WARN_UNDECLARED_SELECTOR = YES;
				GCC_WARN_UNINITIALIZED_AUTOS = YES_AGGRESSIVE;
				GCC_WARN_UNUSED_FUNCTION = YES;
				GCC_WARN_UNUSED_VARIABLE = YES;
				IPHONEOS_DEPLOYMENT_TARGET = 9.0;
				MTL_ENABLE_DEBUG_INFO = NO;
				SDKROOT = iphoneos;
				SWIFT_OPTIMIZATION_LEVEL = "-Owholemodule";
				TARGETED_DEVICE_FAMILY = 2;
				VALIDATE_PRODUCT = YES;
			};
			name = Release;
		};
		232F6F3B1C5448320013CCD9 /* Debug */ = {
			isa = XCBuildConfiguration;
			buildSettings = {
				ALWAYS_EMBED_SWIFT_STANDARD_LIBRARIES = NO;
				ASSETCATALOG_COMPILER_APPICON_NAME = AppIcon;
				CURRENT_PROJECT_VERSION = 18;
				DEVELOPMENT_TEAM = TP7ZU94CZV;
				FRAMEWORK_SEARCH_PATHS = (
					"$(inherited)",
					"$(PROJECT_DIR)/DronePan",
					"$(PROJECT_DIR)/Carthage/Build/iOS",
				);
				HEADER_SEARCH_PATHS = "$(SRCROOT)/DronePan/VideoPreviewer/ffmpeg/include";
				INFOPLIST_FILE = DronePan/Info.plist;
				IPHONEOS_DEPLOYMENT_TARGET = 9.0;
				LD_RUNPATH_SEARCH_PATHS = "$(inherited) @executable_path/Frameworks";
				LIBRARY_SEARCH_PATHS = (
					"$(inherited)",
					"$(PROJECT_DIR)/DronePan/VideoPreviewer/VideoPreviewer/ffmpeg/lib",
				);
				OTHER_SWIFT_FLAGS = "-DDEBUG";
				PRODUCT_BUNDLE_IDENTIFIER = com.unmannedairlines.DronePan;
				PRODUCT_NAME = "$(TARGET_NAME)";
				SWIFT_OBJC_BRIDGING_HEADER = "DronePan/DronePan-Bridging-Header.h";
				SWIFT_OPTIMIZATION_LEVEL = "-Onone";
				SWIFT_VERSION = 2.3;
				TARGETED_DEVICE_FAMILY = "1,2";
				VERSIONING_SYSTEM = "apple-generic";
			};
			name = Debug;
		};
		232F6F3C1C5448320013CCD9 /* Release */ = {
			isa = XCBuildConfiguration;
			buildSettings = {
				ALWAYS_EMBED_SWIFT_STANDARD_LIBRARIES = NO;
				ASSETCATALOG_COMPILER_APPICON_NAME = AppIcon;
				CURRENT_PROJECT_VERSION = 18;
				DEVELOPMENT_TEAM = TP7ZU94CZV;
				FRAMEWORK_SEARCH_PATHS = (
					"$(inherited)",
					"$(PROJECT_DIR)/DronePan",
					"$(PROJECT_DIR)/Carthage/Build/iOS",
				);
				HEADER_SEARCH_PATHS = "$(SRCROOT)/DronePan/VideoPreviewer/ffmpeg/include";
				INFOPLIST_FILE = DronePan/Info.plist;
				IPHONEOS_DEPLOYMENT_TARGET = 9.0;
				LD_RUNPATH_SEARCH_PATHS = "$(inherited) @executable_path/Frameworks";
				LIBRARY_SEARCH_PATHS = (
					"$(inherited)",
					"$(PROJECT_DIR)/DronePan/VideoPreviewer/VideoPreviewer/ffmpeg/lib",
				);
				PRODUCT_BUNDLE_IDENTIFIER = com.unmannedairlines.DronePan;
				PRODUCT_NAME = "$(TARGET_NAME)";
				SWIFT_OBJC_BRIDGING_HEADER = "DronePan/DronePan-Bridging-Header.h";
				SWIFT_VERSION = 2.3;
				TARGETED_DEVICE_FAMILY = "1,2";
				VERSIONING_SYSTEM = "apple-generic";
			};
			name = Release;
		};
		8362BB251CC64C8D0071D0BA /* Debug */ = {
			isa = XCBuildConfiguration;
			buildSettings = {
				BUNDLE_LOADER = "$(TEST_HOST)";
				CLANG_ANALYZER_NONNULL = YES;
				CLANG_ENABLE_MODULES = YES;
				FRAMEWORK_SEARCH_PATHS = (
					"$(inherited)",
					"$(PROJECT_DIR)/DronePan",
					"$(PROJECT_DIR)/Carthage/Build/iOS",
				);
				INFOPLIST_FILE = DronePanTests/Info.plist;
				LD_RUNPATH_SEARCH_PATHS = "$(inherited) @executable_path/Frameworks @loader_path/Frameworks";
				PRODUCT_BUNDLE_IDENTIFIER = com.unmannedairlines.DronePanTests;
				PRODUCT_NAME = "$(TARGET_NAME)";
				SWIFT_OPTIMIZATION_LEVEL = "-Onone";
				SWIFT_VERSION = 2.3;
				TEST_HOST = "$(BUILT_PRODUCTS_DIR)/DronePan.app/DronePan";
			};
			name = Debug;
		};
		8362BB261CC64C8D0071D0BA /* Release */ = {
			isa = XCBuildConfiguration;
			buildSettings = {
				BUNDLE_LOADER = "$(TEST_HOST)";
				CLANG_ANALYZER_NONNULL = YES;
				CLANG_ENABLE_MODULES = YES;
				FRAMEWORK_SEARCH_PATHS = (
					"$(inherited)",
					"$(PROJECT_DIR)/DronePan",
					"$(PROJECT_DIR)/Carthage/Build/iOS",
				);
				INFOPLIST_FILE = DronePanTests/Info.plist;
				LD_RUNPATH_SEARCH_PATHS = "$(inherited) @executable_path/Frameworks @loader_path/Frameworks";
				PRODUCT_BUNDLE_IDENTIFIER = com.unmannedairlines.DronePanTests;
				PRODUCT_NAME = "$(TARGET_NAME)";
				SWIFT_VERSION = 2.3;
				TEST_HOST = "$(BUILT_PRODUCTS_DIR)/DronePan.app/DronePan";
			};
			name = Release;
		};
/* End XCBuildConfiguration section */

/* Begin XCConfigurationList section */
		232F6F081C5448320013CCD9 /* Build configuration list for PBXProject "DronePan" */ = {
			isa = XCConfigurationList;
			buildConfigurations = (
				232F6F381C5448320013CCD9 /* Debug */,
				232F6F391C5448320013CCD9 /* Release */,
			);
			defaultConfigurationIsVisible = 0;
			defaultConfigurationName = Release;
		};
		232F6F3A1C5448320013CCD9 /* Build configuration list for PBXNativeTarget "DronePan" */ = {
			isa = XCConfigurationList;
			buildConfigurations = (
				232F6F3B1C5448320013CCD9 /* Debug */,
				232F6F3C1C5448320013CCD9 /* Release */,
			);
			defaultConfigurationIsVisible = 0;
			defaultConfigurationName = Release;
		};
		8362BB241CC64C8D0071D0BA /* Build configuration list for PBXNativeTarget "DronePanTests" */ = {
			isa = XCConfigurationList;
			buildConfigurations = (
				8362BB251CC64C8D0071D0BA /* Debug */,
				8362BB261CC64C8D0071D0BA /* Release */,
			);
			defaultConfigurationIsVisible = 0;
			defaultConfigurationName = Release;
		};
/* End XCConfigurationList section */
	};
	rootObject = 232F6F051C5448320013CCD9 /* Project object */;
}
